
Microsoft Visual Studio Solution File, Format Version 12.00
Project("{FAE04EC0-301F-11D3-BF4B-00C04F79EFBC}") = "Mithra.Api", "Mithra.Api\Mithra.Api.csproj", "{31FAEFD3-96B1-4A1E-A128-761672826E18}"
EndProject
Project("{FAE04EC0-301F-11D3-BF4B-00C04F79EFBC}") = "Mithra.Domain", "Mithra.Domain\Mithra.Domain.csproj", "{24C52CAA-D8F6-4869-8375-7070E9DBFE4D}"
EndProject
Project("{FAE04EC0-301F-11D3-BF4B-00C04F79EFBC}") = "Mithra.Infra", "Mithra.Infra\Mithra.Infra.csproj", "{1250AFFE-39DE-4446-ADE4-97F169EBC46A}"
EndProject
Project("{FAE04EC0-301F-11D3-BF4B-00C04F79EFBC}") = "Mithra.Application", "Mithra.Application\Mithra.Application.csproj", "{8495AADD-2A68-4DEF-97AA-3165D1DD4697}"
EndProject
Project("{FAE04EC0-301F-11D3-BF4B-00C04F79EFBC}") = "Mithra.Lens", "Mithra.Lens\Mithra.Lens.csproj", "{9E0A8946-0DA3-4939-9FA3-B81D44AB2B0A}"
EndProject
Project("{FAE04EC0-301F-11D3-BF4B-00C04F79EFBC}") = "Mithra.Cortex", "Mithra.Cortex\Mithra.Cortex.csproj", "{264E19B9-98E4-437D-B8E4-EE4C9FC1D752}"
EndProject
Global
	GlobalSection(SolutionConfigurationPlatforms) = preSolution
		Debug|Any CPU = Debug|Any CPU
		Release|Any CPU = Release|Any CPU
	EndGlobalSection
	GlobalSection(ProjectConfigurationPlatforms) = postSolution
		{31FAEFD3-96B1-4A1E-A128-761672826E18}.Debug|Any CPU.ActiveCfg = Debug|Any CPU
		{31FAEFD3-96B1-4A1E-A128-761672826E18}.Debug|Any CPU.Build.0 = Debug|Any CPU
		{31FAEFD3-96B1-4A1E-A128-761672826E18}.Release|Any CPU.ActiveCfg = Release|Any CPU
		{31FAEFD3-96B1-4A1E-A128-761672826E18}.Release|Any CPU.Build.0 = Release|Any CPU
		{24C52CAA-D8F6-4869-8375-7070E9DBFE4D}.Debug|Any CPU.ActiveCfg = Debug|Any CPU
		{24C52CAA-D8F6-4869-8375-7070E9DBFE4D}.Debug|Any CPU.Build.0 = Debug|Any CPU
		{24C52CAA-D8F6-4869-8375-7070E9DBFE4D}.Release|Any CPU.ActiveCfg = Release|Any CPU
		{24C52CAA-D8F6-4869-8375-7070E9DBFE4D}.Release|Any CPU.Build.0 = Release|Any CPU
		{1250AFFE-39DE-4446-ADE4-97F169EBC46A}.Debug|Any CPU.ActiveCfg = Debug|Any CPU
		{1250AFFE-39DE-4446-ADE4-97F169EBC46A}.Debug|Any CPU.Build.0 = Debug|Any CPU
		{1250AFFE-39DE-4446-ADE4-97F169EBC46A}.Release|Any CPU.ActiveCfg = Release|Any CPU
		{1250AFFE-39DE-4446-ADE4-97F169EBC46A}.Release|Any CPU.Build.0 = Release|Any CPU
		{8495AADD-2A68-4DEF-97AA-3165D1DD4697}.Debug|Any CPU.ActiveCfg = Debug|Any CPU
		{8495AADD-2A68-4DEF-97AA-3165D1DD4697}.Debug|Any CPU.Build.0 = Debug|Any CPU
		{8495AADD-2A68-4DEF-97AA-3165D1DD4697}.Release|Any CPU.ActiveCfg = Release|Any CPU
		{8495AADD-2A68-4DEF-97AA-3165D1DD4697}.Release|Any CPU.Build.0 = Release|Any CPU
		{9E0A8946-0DA3-4939-9FA3-B81D44AB2B0A}.Debug|Any CPU.ActiveCfg = Debug|Any CPU
		{9E0A8946-0DA3-4939-9FA3-B81D44AB2B0A}.Debug|Any CPU.Build.0 = Debug|Any CPU
		{9E0A8946-0DA3-4939-9FA3-B81D44AB2B0A}.Release|Any CPU.ActiveCfg = Release|Any CPU
		{9E0A8946-0DA3-4939-9FA3-B81D44AB2B0A}.Release|Any CPU.Build.0 = Release|Any CPU
		{264E19B9-98E4-437D-B8E4-EE4C9FC1D752}.Debug|Any CPU.ActiveCfg = Debug|Any CPU
		{264E19B9-98E4-437D-B8E4-EE4C9FC1D752}.Debug|Any CPU.Build.0 = Debug|Any CPU
		{264E19B9-98E4-437D-B8E4-EE4C9FC1D752}.Release|Any CPU.ActiveCfg = Release|Any CPU
		{264E19B9-98E4-437D-B8E4-EE4C9FC1D752}.Release|Any CPU.Build.0 = Release|Any CPU
	EndGlobalSection
EndGlobal
